
Microsoft Visual Studio Solution File, Format Version 12.00
# Visual Studio 15
VisualStudioVersion = 15.0.27130.0
MinimumVisualStudioVersion = 10.0.40219.1
Project("{8BC9CEB8-8B4A-11D0-8D11-00A0C91BC942}") = "ImageWorker", "ImageWorker\ImageWorker.vcxproj", "{DB92FB0C-CE80-413B-BF1A-CC87820BBE80}"
EndProject
Global
	GlobalSection(SolutionConfigurationPlatforms) = preSolution
		Debug|x64 = Debug|x64
		Debug|x86 = Debug|x86
		Release|x64 = Release|x64
		Release|x86 = Release|x86
	EndGlobalSection
	GlobalSection(ProjectConfigurationPlatforms) = postSolution
		{DB92FB0C-CE80-413B-BF1A-CC87820BBE80}.Debug|x64.ActiveCfg = Debug|x64
		{DB92FB0C-CE80-413B-BF1A-CC87820BBE80}.Debug|x64.Build.0 = Debug|x64
		{DB92FB0C-CE80-413B-BF1A-CC87820BBE80}.Debug|x86.ActiveCfg = Debug|Win32
		{DB92FB0C-CE80-413B-BF1A-CC87820BBE80}.Debug|x86.Build.0 = Debug|Win32
		{DB92FB0C-CE80-413B-BF1A-CC87820BBE80}.Release|x64.ActiveCfg = Release|x64
		{DB92FB0C-CE80-413B-BF1A-CC87820BBE80}.Release|x64.Build.0 = Release|x64
		{DB92FB0C-CE80-413B-BF1A-CC87820BBE80}.Release|x86.ActiveCfg = Release|Win32
		{DB92FB0C-CE80-413B-BF1A-CC87820BBE80}.Release|x86.Build.0 = Release|Win32
	EndGlobalSection
	GlobalSection(SolutionProperties) = preSolution
		HideSolutionNode = FALSE
	EndGlobalSection
	GlobalSection(ExtensibilityGlobals) = postSolution
		SolutionGuid = {645ED9FE-A6B3-42DC-9A16-AA51A1950CCD}
	EndGlobalSection
EndGlobal
